// !$*UTF8*$!
{
	archiveVersion = 1;
	classes = {
	};
	objectVersion = 46;
	objects = {

/* Begin PBXBuildFile section */
		886716E3182D1C1400E863CB /* Foundation.framework in Frameworks */ = {isa = PBXBuildFile; fileRef = 886716E2182D1C1400E863CB /* Foundation.framework */; };
		886716E5182D1C1400E863CB /* CoreGraphics.framework in Frameworks */ = {isa = PBXBuildFile; fileRef = 886716E4182D1C1400E863CB /* CoreGraphics.framework */; };
		886716E7182D1C1400E863CB /* UIKit.framework in Frameworks */ = {isa = PBXBuildFile; fileRef = 886716E6182D1C1400E863CB /* UIKit.framework */; };
		886716EF182D1C1400E863CB /* main.m in Sources */ = {isa = PBXBuildFile; fileRef = 886716EE182D1C1400E863CB /* main.m */; };
		886716F3182D1C1400E863CB /* QDAppDelegate.m in Sources */ = {isa = PBXBuildFile; fileRef = 886716F2182D1C1400E863CB /* QDAppDelegate.m */; };
		886716F6182D1C1400E863CB /* Main.storyboard in Resources */ = {isa = PBXBuildFile; fileRef = 886716F4182D1C1400E863CB /* Main.storyboard */; };
		886716FC182D1C1400E863CB /* QDFirstViewController.m in Sources */ = {isa = PBXBuildFile; fileRef = 886716FB182D1C1400E863CB /* QDFirstViewController.m */; };
		886716FF182D1C1400E863CB /* QDSecondViewController.m in Sources */ = {isa = PBXBuildFile; fileRef = 886716FE182D1C1400E863CB /* QDSecondViewController.m */; };
		88671701182D1C1400E863CB /* Images.xcassets in Resources */ = {isa = PBXBuildFile; fileRef = 88671700182D1C1400E863CB /* Images.xcassets */; };
		88671708182D1C1500E863CB /* XCTest.framework in Frameworks */ = {isa = PBXBuildFile; fileRef = 88671707182D1C1500E863CB /* XCTest.framework */; };
		88671709182D1C1500E863CB /* Foundation.framework in Frameworks */ = {isa = PBXBuildFile; fileRef = 886716E2182D1C1400E863CB /* Foundation.framework */; };
		8867170A182D1C1500E863CB /* UIKit.framework in Frameworks */ = {isa = PBXBuildFile; fileRef = 886716E6182D1C1400E863CB /* UIKit.framework */; };
		88671714182D1C1500E863CB /* QuanDiemTests.m in Sources */ = {isa = PBXBuildFile; fileRef = 88671713182D1C1500E863CB /* QuanDiemTests.m */; };
		88671720182D26B500E863CB /* QDCollectionOpinionController.m in Sources */ = {isa = PBXBuildFile; fileRef = 8867171F182D26B500E863CB /* QDCollectionOpinionController.m */; };
		886717AE182D29C700E863CB /* AFHTTPRequestOperation.m in Sources */ = {isa = PBXBuildFile; fileRef = 88671729182D29C500E863CB /* AFHTTPRequestOperation.m */; };
		886717AF182D29C700E863CB /* AFHTTPRequestOperationManager.m in Sources */ = {isa = PBXBuildFile; fileRef = 8867172B182D29C500E863CB /* AFHTTPRequestOperationManager.m */; };
		886717B0182D29C700E863CB /* AFHTTPSessionManager.m in Sources */ = {isa = PBXBuildFile; fileRef = 8867172D182D29C500E863CB /* AFHTTPSessionManager.m */; };
		886717B1182D29C700E863CB /* AFNetworkReachabilityManager.m in Sources */ = {isa = PBXBuildFile; fileRef = 88671730182D29C500E863CB /* AFNetworkReachabilityManager.m */; };
		886717B2182D29C700E863CB /* AFSecurityPolicy.m in Sources */ = {isa = PBXBuildFile; fileRef = 88671732182D29C500E863CB /* AFSecurityPolicy.m */; };
		886717B3182D29C700E863CB /* AFURLConnectionOperation.m in Sources */ = {isa = PBXBuildFile; fileRef = 88671734182D29C500E863CB /* AFURLConnectionOperation.m */; };
		886717B4182D29C700E863CB /* AFURLRequestSerialization.m in Sources */ = {isa = PBXBuildFile; fileRef = 88671736182D29C500E863CB /* AFURLRequestSerialization.m */; };
		886717B5182D29C700E863CB /* AFURLResponseSerialization.m in Sources */ = {isa = PBXBuildFile; fileRef = 88671738182D29C500E863CB /* AFURLResponseSerialization.m */; };
		886717B6182D29C700E863CB /* AFURLSessionManager.m in Sources */ = {isa = PBXBuildFile; fileRef = 8867173A182D29C500E863CB /* AFURLSessionManager.m */; };
		886717EC182D29C700E863CB /* AFNetworkActivityIndicatorManager.m in Sources */ = {isa = PBXBuildFile; fileRef = 8867179C182D29C600E863CB /* AFNetworkActivityIndicatorManager.m */; };
		886717ED182D29C700E863CB /* UIActivityIndicatorView+AFNetworking.m in Sources */ = {isa = PBXBuildFile; fileRef = 8867179E182D29C600E863CB /* UIActivityIndicatorView+AFNetworking.m */; };
		886717EE182D29C700E863CB /* UIAlertView+AFNetworking.m in Sources */ = {isa = PBXBuildFile; fileRef = 886717A0182D29C600E863CB /* UIAlertView+AFNetworking.m */; };
		886717EF182D29C700E863CB /* UIButton+AFNetworking.m in Sources */ = {isa = PBXBuildFile; fileRef = 886717A2182D29C600E863CB /* UIButton+AFNetworking.m */; };
		886717F0182D29C700E863CB /* UIImageView+AFNetworking.m in Sources */ = {isa = PBXBuildFile; fileRef = 886717A4182D29C600E863CB /* UIImageView+AFNetworking.m */; };
		886717F1182D29C700E863CB /* UIProgressView+AFNetworking.m in Sources */ = {isa = PBXBuildFile; fileRef = 886717A7182D29C700E863CB /* UIProgressView+AFNetworking.m */; };
		886717F2182D29C700E863CB /* UIWebView+AFNetworking.m in Sources */ = {isa = PBXBuildFile; fileRef = 886717A9182D29C700E863CB /* UIWebView+AFNetworking.m */; };
		88671801182D2A6300E863CB /* QDAPIClient.m in Sources */ = {isa = PBXBuildFile; fileRef = 88671800182D2A6300E863CB /* QDAPIClient.m */; };
		88671803182D2CD800E863CB /* SystemConfiguration.framework in Frameworks */ = {isa = PBXBuildFile; fileRef = 88671802182D2CD800E863CB /* SystemConfiguration.framework */; };
		88671805182D2CE300E863CB /* Security.framework in Frameworks */ = {isa = PBXBuildFile; fileRef = 88671804182D2CE300E863CB /* Security.framework */; };
		88671807182D2CEB00E863CB /* MobileCoreServices.framework in Frameworks */ = {isa = PBXBuildFile; fileRef = 88671806182D2CEB00E863CB /* MobileCoreServices.framework */; };
		8867180A182D2E6A00E863CB /* QDCollectionOpinionCell.m in Sources */ = {isa = PBXBuildFile; fileRef = 88671809182D2E6A00E863CB /* QDCollectionOpinionCell.m */; };
		88957A2719020B5D0065D35E /* QDCollectionOpinionLiteCell.m in Sources */ = {isa = PBXBuildFile; fileRef = 88957A2619020B5D0065D35E /* QDCollectionOpinionLiteCell.m */; };
		88957A2C1902108D0065D35E /* QDProfileViewController.m in Sources */ = {isa = PBXBuildFile; fileRef = 88957A2B1902108D0065D35E /* QDProfileViewController.m */; };
		88957A3A1902259C0065D35E /* Localizable.strings in Resources */ = {isa = PBXBuildFile; fileRef = 88957A3C1902259C0065D35E /* Localizable.strings */; };
		88957A43190252480065D35E /* QDNotificationViewController.m in Sources */ = {isa = PBXBuildFile; fileRef = 88957A42190252480065D35E /* QDNotificationViewController.m */; };
		88957A4A1903ED160065D35E /* libMBProgressHUD.a in Frameworks */ = {isa = PBXBuildFile; fileRef = 88957A491903ECFD0065D35E /* libMBProgressHUD.a */; };
		88957A4D1903ED5F0065D35E /* QDVoteButton.m in Sources */ = {isa = PBXBuildFile; fileRef = 88957A4C1903ED5F0065D35E /* QDVoteButton.m */; };
		88957A61190580960065D35E /* CFNetwork.framework in Frameworks */ = {isa = PBXBuildFile; fileRef = 88957A60190580960065D35E /* CFNetwork.framework */; };
		88957A63190580A60065D35E /* libicucore.dylib in Frameworks */ = {isa = PBXBuildFile; fileRef = 88957A62190580A60065D35E /* libicucore.dylib */; };
		88957BFE1905859C0065D35E /* SocketIO.m in Sources */ = {isa = PBXBuildFile; fileRef = 88957A6D1905859A0065D35E /* SocketIO.m */; };
		88957BFF1905859C0065D35E /* SocketIOJSONSerialization.m in Sources */ = {isa = PBXBuildFile; fileRef = 88957A6F1905859A0065D35E /* SocketIOJSONSerialization.m */; };
		88957C001905859C0065D35E /* SocketIOPacket.m in Sources */ = {isa = PBXBuildFile; fileRef = 88957A711905859A0065D35E /* SocketIOPacket.m */; };
		88957C011905859C0065D35E /* SocketIOTransportWebsocket.m in Sources */ = {isa = PBXBuildFile; fileRef = 88957A741905859A0065D35E /* SocketIOTransportWebsocket.m */; };
		88957C021905859C0065D35E /* SocketIOTransportXHR.m in Sources */ = {isa = PBXBuildFile; fileRef = 88957A761905859A0065D35E /* SocketIOTransportXHR.m */; };
		88957D76190585E20065D35E /* libSocketRocket.a in Frameworks */ = {isa = PBXBuildFile; fileRef = 88957D6F190585D80065D35E /* libSocketRocket.a */; };
		88B3A3571908076800A8A544 /* QDSocketIO.m in Sources */ = {isa = PBXBuildFile; fileRef = 88B3A3561908076800A8A544 /* QDSocketIO.m */; };
		88B3A3681909347A00A8A544 /* QDNavigationBar.m in Sources */ = {isa = PBXBuildFile; fileRef = 88B3A3671909347A00A8A544 /* QDNavigationBar.m */; };
		88CE5005182FA8BC00E12C93 /* QDTabBarController.m in Sources */ = {isa = PBXBuildFile; fileRef = 88CE5004182FA8BC00E12C93 /* QDTabBarController.m */; };
		88CE5007182FAAD300E12C93 /* FacebookSDK.framework in Frameworks */ = {isa = PBXBuildFile; fileRef = 88CE5006182FAAD300E12C93 /* FacebookSDK.framework */; };
		88D0886818F582E900F1D72B /* QDLoginViewController.m in Sources */ = {isa = PBXBuildFile; fileRef = 88D0886718F582E900F1D72B /* QDLoginViewController.m */; };
		88D088BC18F5877E00F1D72B /* RECommonFunctions.m in Sources */ = {isa = PBXBuildFile; fileRef = 88D0889E18F5877E00F1D72B /* RECommonFunctions.m */; };
		88D088BD18F5877E00F1D72B /* RESideMenu.m in Sources */ = {isa = PBXBuildFile; fileRef = 88D088A018F5877E00F1D72B /* RESideMenu.m */; };
		88D088BE18F5877E00F1D72B /* UIViewController+RESideMenu.m in Sources */ = {isa = PBXBuildFile; fileRef = 88D088A218F5877E00F1D72B /* UIViewController+RESideMenu.m */; };
		88D088CF18F5A86F00F1D72B /* QDSettingViewController.m in Sources */ = {isa = PBXBuildFile; fileRef = 88D088CE18F5A86F00F1D72B /* QDSettingViewController.m */; };
		88DA7CA11831264F00C83F70 /* Underscore+Functional.m in Sources */ = {isa = PBXBuildFile; fileRef = 88DA7C871831264F00C83F70 /* Underscore+Functional.m */; };
		88DA7CA21831264F00C83F70 /* Underscore.m in Sources */ = {isa = PBXBuildFile; fileRef = 88DA7C8A1831264F00C83F70 /* Underscore.m */; };
		88DA7CA31831264F00C83F70 /* USArrayWrapper.m in Sources */ = {isa = PBXBuildFile; fileRef = 88DA7C8C1831264F00C83F70 /* USArrayWrapper.m */; };
		88DA7CA41831264F00C83F70 /* USDictionaryWrapper.m in Sources */ = {isa = PBXBuildFile; fileRef = 88DA7C8F1831264F00C83F70 /* USDictionaryWrapper.m */; };
		88F7311818FEEA300038F132 /* QDOpinionViewController.m in Sources */ = {isa = PBXBuildFile; fileRef = 88F7311718FEEA300038F132 /* QDOpinionViewController.m */; };
		88F7311C18FEF5FE0038F132 /* QDTableCommentCell.m in Sources */ = {isa = PBXBuildFile; fileRef = 88F7311B18FEF5FE0038F132 /* QDTableCommentCell.m */; };
		88F7311F190006AA0038F132 /* QDUtils.m in Sources */ = {isa = PBXBuildFile; fileRef = 88F7311E190006AA0038F132 /* QDUtils.m */; };
		88F7313F190022780038F132 /* libxml2.dylib in Frameworks */ = {isa = PBXBuildFile; fileRef = 88F7313E190022780038F132 /* libxml2.dylib */; };
		88F731411900228B0038F132 /* ImageIO.framework in Frameworks */ = {isa = PBXBuildFile; fileRef = 88F731401900228B0038F132 /* ImageIO.framework */; };
		88F73143190022930038F132 /* QuartzCore.framework in Frameworks */ = {isa = PBXBuildFile; fileRef = 88F73142190022930038F132 /* QuartzCore.framework */; };
		88F731451900229B0038F132 /* CoreText.framework in Frameworks */ = {isa = PBXBuildFile; fileRef = 88F731441900229B0038F132 /* CoreText.framework */; };
		88F73168190028A50038F132 /* libDTCoreText.a in Frameworks */ = {isa = PBXBuildFile; fileRef = 88F7315C190028720038F132 /* libDTCoreText.a */; };
		88F7316A19002FE20038F132 /* comment.css in Resources */ = {isa = PBXBuildFile; fileRef = 88F7316919002FE20038F132 /* comment.css */; };
		88F73198190046870038F132 /* QDPostOpinionViewController.m in Sources */ = {isa = PBXBuildFile; fileRef = 88F73197190046870038F132 /* QDPostOpinionViewController.m */; };
/* End PBXBuildFile section */

/* Begin PBXContainerItemProxy section */
		8867170B182D1C1500E863CB /* PBXContainerItemProxy */ = {
			isa = PBXContainerItemProxy;
			containerPortal = 886716D7182D1C1400E863CB /* Project object */;
			proxyType = 1;
			remoteGlobalIDString = 886716DE182D1C1400E863CB;
			remoteInfo = QuanDiem;
		};
		88957A481903ECFD0065D35E /* PBXContainerItemProxy */ = {
			isa = PBXContainerItemProxy;
			containerPortal = 88957A441903ECFD0065D35E /* MBProgressHUD.xcodeproj */;
			proxyType = 2;
			remoteGlobalIDString = D286A7491518C70F00E13FB8;
			remoteInfo = MBProgressHUD;
		};
		88957D6E190585D80065D35E /* PBXContainerItemProxy */ = {
			isa = PBXContainerItemProxy;
			containerPortal = 88957D67190585D70065D35E /* SocketRocket.xcodeproj */;
			proxyType = 2;
			remoteGlobalIDString = F6B2082D1450F597009315AF;
			remoteInfo = SocketRocket;
		};
		88957D70190585D80065D35E /* PBXContainerItemProxy */ = {
			isa = PBXContainerItemProxy;
			containerPortal = 88957D67190585D70065D35E /* SocketRocket.xcodeproj */;
			proxyType = 2;
			remoteGlobalIDString = F668C880153E91210044DBAC;
			remoteInfo = SocketRocketOSX;
		};
		88957D72190585D80065D35E /* PBXContainerItemProxy */ = {
			isa = PBXContainerItemProxy;
			containerPortal = 88957D67190585D70065D35E /* SocketRocket.xcodeproj */;
			proxyType = 2;
			remoteGlobalIDString = F6BDA802145900D200FE3253;
			remoteInfo = SRWebSocketTests;
		};
		88957D74190585D80065D35E /* PBXContainerItemProxy */ = {
			isa = PBXContainerItemProxy;
			containerPortal = 88957D67190585D70065D35E /* SocketRocket.xcodeproj */;
			proxyType = 2;
			remoteGlobalIDString = F62417E314D52F3C003CE997;
			remoteInfo = TestChat;
		};
		88F73157190028720038F132 /* PBXContainerItemProxy */ = {
			isa = PBXContainerItemProxy;
			containerPortal = 88F731201900222F0038F132 /* DTCoreText.xcodeproj */;
			proxyType = 2;
			remoteGlobalIDString = 1D6058910D05DD3D006BFB54;
			remoteInfo = DemoApp;
		};
		88F73159190028720038F132 /* PBXContainerItemProxy */ = {
			isa = PBXContainerItemProxy;
			containerPortal = 88F731201900222F0038F132 /* DTCoreText.xcodeproj */;
			proxyType = 2;
			remoteGlobalIDString = A70F119B14863198009202BF;
			remoteInfo = "Static Framework";
		};
		88F7315B190028720038F132 /* PBXContainerItemProxy */ = {
			isa = PBXContainerItemProxy;
			containerPortal = 88F731201900222F0038F132 /* DTCoreText.xcodeproj */;
			proxyType = 2;
			remoteGlobalIDString = A70F11DE148632CD009202BF;
			remoteInfo = "Static Library";
		};
		88F7315D190028720038F132 /* PBXContainerItemProxy */ = {
			isa = PBXContainerItemProxy;
			containerPortal = 88F731201900222F0038F132 /* DTCoreText.xcodeproj */;
			proxyType = 2;
			remoteGlobalIDString = A788CA681486456100E1AFD9;
			remoteInfo = UnitTest;
		};
		88F7315F190028720038F132 /* PBXContainerItemProxy */ = {
			isa = PBXContainerItemProxy;
			containerPortal = 88F731201900222F0038F132 /* DTCoreText.xcodeproj */;
			proxyType = 2;
			remoteGlobalIDString = A7949A5814CC456000A8CCDE;
			remoteInfo = MacUnitTest;
		};
		88F73161190028720038F132 /* PBXContainerItemProxy */ = {
			isa = PBXContainerItemProxy;
			containerPortal = 88F731201900222F0038F132 /* DTCoreText.xcodeproj */;
			proxyType = 2;
			remoteGlobalIDString = A7F7EFCD1573603100F5A4D0;
			remoteInfo = "Static Library (no DTFoundation)";
		};
		88F73163190028720038F132 /* PBXContainerItemProxy */ = {
			isa = PBXContainerItemProxy;
			containerPortal = 88F731201900222F0038F132 /* DTCoreText.xcodeproj */;
			proxyType = 2;
			remoteGlobalIDString = E2262DC61638331500BFDAD7;
			remoteInfo = "Mac Framework";
		};
		88F73165190028720038F132 /* PBXContainerItemProxy */ = {
			isa = PBXContainerItemProxy;
			containerPortal = 88F731201900222F0038F132 /* DTCoreText.xcodeproj */;
			proxyType = 2;
			remoteGlobalIDString = A7A476BC180010F100459DFD;
			remoteInfo = "BundleLoader Dummy";
		};
/* End PBXContainerItemProxy section */

/* Begin PBXFileReference section */
		886716DF182D1C1400E863CB /* SpeakUpp.app */ = {isa = PBXFileReference; explicitFileType = wrapper.application; includeInIndex = 0; path = SpeakUpp.app; sourceTree = BUILT_PRODUCTS_DIR; };
		886716E2182D1C1400E863CB /* Foundation.framework */ = {isa = PBXFileReference; lastKnownFileType = wrapper.framework; name = Foundation.framework; path = System/Library/Frameworks/Foundation.framework; sourceTree = SDKROOT; };
		886716E4182D1C1400E863CB /* CoreGraphics.framework */ = {isa = PBXFileReference; lastKnownFileType = wrapper.framework; name = CoreGraphics.framework; path = System/Library/Frameworks/CoreGraphics.framework; sourceTree = SDKROOT; };
		886716E6182D1C1400E863CB /* UIKit.framework */ = {isa = PBXFileReference; lastKnownFileType = wrapper.framework; name = UIKit.framework; path = System/Library/Frameworks/UIKit.framework; sourceTree = SDKROOT; };
		886716EA182D1C1400E863CB /* QuanDiem-Info.plist */ = {isa = PBXFileReference; lastKnownFileType = text.plist.xml; path = "QuanDiem-Info.plist"; sourceTree = "<group>"; };
		886716EE182D1C1400E863CB /* main.m */ = {isa = PBXFileReference; lastKnownFileType = sourcecode.c.objc; path = main.m; sourceTree = "<group>"; };
		886716F0182D1C1400E863CB /* QuanDiem-Prefix.pch */ = {isa = PBXFileReference; lastKnownFileType = sourcecode.c.h; path = "QuanDiem-Prefix.pch"; sourceTree = "<group>"; };
		886716F1182D1C1400E863CB /* QDAppDelegate.h */ = {isa = PBXFileReference; lastKnownFileType = sourcecode.c.h; path = QDAppDelegate.h; sourceTree = "<group>"; };
		886716F2182D1C1400E863CB /* QDAppDelegate.m */ = {isa = PBXFileReference; lastKnownFileType = sourcecode.c.objc; path = QDAppDelegate.m; sourceTree = "<group>"; };
		886716F5182D1C1400E863CB /* Base */ = {isa = PBXFileReference; lastKnownFileType = file.storyboard; name = Base; path = Base.lproj/Main.storyboard; sourceTree = "<group>"; };
		886716FA182D1C1400E863CB /* QDFirstViewController.h */ = {isa = PBXFileReference; lastKnownFileType = sourcecode.c.h; path = QDFirstViewController.h; sourceTree = "<group>"; };
		886716FB182D1C1400E863CB /* QDFirstViewController.m */ = {isa = PBXFileReference; lastKnownFileType = sourcecode.c.objc; path = QDFirstViewController.m; sourceTree = "<group>"; };
		886716FD182D1C1400E863CB /* QDSecondViewController.h */ = {isa = PBXFileReference; lastKnownFileType = sourcecode.c.h; path = QDSecondViewController.h; sourceTree = "<group>"; };
		886716FE182D1C1400E863CB /* QDSecondViewController.m */ = {isa = PBXFileReference; lastKnownFileType = sourcecode.c.objc; path = QDSecondViewController.m; sourceTree = "<group>"; };
		88671700182D1C1400E863CB /* Images.xcassets */ = {isa = PBXFileReference; lastKnownFileType = folder.assetcatalog; path = Images.xcassets; sourceTree = "<group>"; };
		88671706182D1C1500E863CB /* SpeakUppTests.xctest */ = {isa = PBXFileReference; explicitFileType = wrapper.cfbundle; includeInIndex = 0; path = SpeakUppTests.xctest; sourceTree = BUILT_PRODUCTS_DIR; };
		88671707182D1C1500E863CB /* XCTest.framework */ = {isa = PBXFileReference; lastKnownFileType = wrapper.framework; name = XCTest.framework; path = Library/Frameworks/XCTest.framework; sourceTree = DEVELOPER_DIR; };
		8867170F182D1C1500E863CB /* QuanDiemTests-Info.plist */ = {isa = PBXFileReference; lastKnownFileType = text.plist.xml; path = "QuanDiemTests-Info.plist"; sourceTree = "<group>"; };
		88671713182D1C1500E863CB /* QuanDiemTests.m */ = {isa = PBXFileReference; lastKnownFileType = sourcecode.c.objc; path = QuanDiemTests.m; sourceTree = "<group>"; };
		8867171E182D26B500E863CB /* QDCollectionOpinionController.h */ = {isa = PBXFileReference; fileEncoding = 4; lastKnownFileType = sourcecode.c.h; path = QDCollectionOpinionController.h; sourceTree = "<group>"; };
		8867171F182D26B500E863CB /* QDCollectionOpinionController.m */ = {isa = PBXFileReference; fileEncoding = 4; lastKnownFileType = sourcecode.c.objc; path = QDCollectionOpinionController.m; sourceTree = "<group>"; };
		88671728182D29C500E863CB /* AFHTTPRequestOperation.h */ = {isa = PBXFileReference; fileEncoding = 4; lastKnownFileType = sourcecode.c.h; path = AFHTTPRequestOperation.h; sourceTree = "<group>"; };
		88671729182D29C500E863CB /* AFHTTPRequestOperation.m */ = {isa = PBXFileReference; fileEncoding = 4; lastKnownFileType = sourcecode.c.objc; path = AFHTTPRequestOperation.m; sourceTree = "<group>"; };
		8867172A182D29C500E863CB /* AFHTTPRequestOperationManager.h */ = {isa = PBXFileReference; fileEncoding = 4; lastKnownFileType = sourcecode.c.h; path = AFHTTPRequestOperationManager.h; sourceTree = "<group>"; };
		8867172B182D29C500E863CB /* AFHTTPRequestOperationManager.m */ = {isa = PBXFileReference; fileEncoding = 4; lastKnownFileType = sourcecode.c.objc; path = AFHTTPRequestOperationManager.m; sourceTree = "<group>"; };
		8867172C182D29C500E863CB /* AFHTTPSessionManager.h */ = {isa = PBXFileReference; fileEncoding = 4; lastKnownFileType = sourcecode.c.h; path = AFHTTPSessionManager.h; sourceTree = "<group>"; };
		8867172D182D29C500E863CB /* AFHTTPSessionManager.m */ = {isa = PBXFileReference; fileEncoding = 4; lastKnownFileType = sourcecode.c.objc; path = AFHTTPSessionManager.m; sourceTree = "<group>"; };
		8867172E182D29C500E863CB /* AFNetworking.h */ = {isa = PBXFileReference; fileEncoding = 4; lastKnownFileType = sourcecode.c.h; path = AFNetworking.h; sourceTree = "<group>"; };
		8867172F182D29C500E863CB /* AFNetworkReachabilityManager.h */ = {isa = PBXFileReference; fileEncoding = 4; lastKnownFileType = sourcecode.c.h; path = AFNetworkReachabilityManager.h; sourceTree = "<group>"; };
		88671730182D29C500E863CB /* AFNetworkReachabilityManager.m */ = {isa = PBXFileReference; fileEncoding = 4; lastKnownFileType = sourcecode.c.objc; path = AFNetworkReachabilityManager.m; sourceTree = "<group>"; };
		88671731182D29C500E863CB /* AFSecurityPolicy.h */ = {isa = PBXFileReference; fileEncoding = 4; lastKnownFileType = sourcecode.c.h; path = AFSecurityPolicy.h; sourceTree = "<group>"; };
		88671732182D29C500E863CB /* AFSecurityPolicy.m */ = {isa = PBXFileReference; fileEncoding = 4; lastKnownFileType = sourcecode.c.objc; path = AFSecurityPolicy.m; sourceTree = "<group>"; };
		88671733182D29C500E863CB /* AFURLConnectionOperation.h */ = {isa = PBXFileReference; fileEncoding = 4; lastKnownFileType = sourcecode.c.h; path = AFURLConnectionOperation.h; sourceTree = "<group>"; };
		88671734182D29C500E863CB /* AFURLConnectionOperation.m */ = {isa = PBXFileReference; fileEncoding = 4; lastKnownFileType = sourcecode.c.objc; path = AFURLConnectionOperation.m; sourceTree = "<group>"; };
		88671735182D29C500E863CB /* AFURLRequestSerialization.h */ = {isa = PBXFileReference; fileEncoding = 4; lastKnownFileType = sourcecode.c.h; path = AFURLRequestSerialization.h; sourceTree = "<group>"; };
		88671736182D29C500E863CB /* AFURLRequestSerialization.m */ = {isa = PBXFileReference; fileEncoding = 4; lastKnownFileType = sourcecode.c.objc; path = AFURLRequestSerialization.m; sourceTree = "<group>"; };
		88671737182D29C500E863CB /* AFURLResponseSerialization.h */ = {isa = PBXFileReference; fileEncoding = 4; lastKnownFileType = sourcecode.c.h; path = AFURLResponseSerialization.h; sourceTree = "<group>"; };
		88671738182D29C500E863CB /* AFURLResponseSerialization.m */ = {isa = PBXFileReference; fileEncoding = 4; lastKnownFileType = sourcecode.c.objc; path = AFURLResponseSerialization.m; sourceTree = "<group>"; };
		88671739182D29C500E863CB /* AFURLSessionManager.h */ = {isa = PBXFileReference; fileEncoding = 4; lastKnownFileType = sourcecode.c.h; path = AFURLSessionManager.h; sourceTree = "<group>"; };
		8867173A182D29C500E863CB /* AFURLSessionManager.m */ = {isa = PBXFileReference; fileEncoding = 4; lastKnownFileType = sourcecode.c.objc; path = AFURLSessionManager.m; sourceTree = "<group>"; };
		8867179B182D29C600E863CB /* AFNetworkActivityIndicatorManager.h */ = {isa = PBXFileReference; fileEncoding = 4; lastKnownFileType = sourcecode.c.h; path = AFNetworkActivityIndicatorManager.h; sourceTree = "<group>"; };
		8867179C182D29C600E863CB /* AFNetworkActivityIndicatorManager.m */ = {isa = PBXFileReference; fileEncoding = 4; lastKnownFileType = sourcecode.c.objc; path = AFNetworkActivityIndicatorManager.m; sourceTree = "<group>"; };
		8867179D182D29C600E863CB /* UIActivityIndicatorView+AFNetworking.h */ = {isa = PBXFileReference; fileEncoding = 4; lastKnownFileType = sourcecode.c.h; path = "UIActivityIndicatorView+AFNetworking.h"; sourceTree = "<group>"; };
		8867179E182D29C600E863CB /* UIActivityIndicatorView+AFNetworking.m */ = {isa = PBXFileReference; fileEncoding = 4; lastKnownFileType = sourcecode.c.objc; path = "UIActivityIndicatorView+AFNetworking.m"; sourceTree = "<group>"; };
		8867179F182D29C600E863CB /* UIAlertView+AFNetworking.h */ = {isa = PBXFileReference; fileEncoding = 4; lastKnownFileType = sourcecode.c.h; path = "UIAlertView+AFNetworking.h"; sourceTree = "<group>"; };
		886717A0182D29C600E863CB /* UIAlertView+AFNetworking.m */ = {isa = PBXFileReference; fileEncoding = 4; lastKnownFileType = sourcecode.c.objc; path = "UIAlertView+AFNetworking.m"; sourceTree = "<group>"; };
		886717A1182D29C600E863CB /* UIButton+AFNetworking.h */ = {isa = PBXFileReference; fileEncoding = 4; lastKnownFileType = sourcecode.c.h; path = "UIButton+AFNetworking.h"; sourceTree = "<group>"; };
		886717A2182D29C600E863CB /* UIButton+AFNetworking.m */ = {isa = PBXFileReference; fileEncoding = 4; lastKnownFileType = sourcecode.c.objc; path = "UIButton+AFNetworking.m"; sourceTree = "<group>"; };
		886717A3182D29C600E863CB /* UIImageView+AFNetworking.h */ = {isa = PBXFileReference; fileEncoding = 4; lastKnownFileType = sourcecode.c.h; path = "UIImageView+AFNetworking.h"; sourceTree = "<group>"; };
		886717A4182D29C600E863CB /* UIImageView+AFNetworking.m */ = {isa = PBXFileReference; fileEncoding = 4; lastKnownFileType = sourcecode.c.objc; path = "UIImageView+AFNetworking.m"; sourceTree = "<group>"; };
		886717A5182D29C600E863CB /* UIKit+AFNetworking.h */ = {isa = PBXFileReference; fileEncoding = 4; lastKnownFileType = sourcecode.c.h; path = "UIKit+AFNetworking.h"; sourceTree = "<group>"; };
		886717A6182D29C600E863CB /* UIProgressView+AFNetworking.h */ = {isa = PBXFileReference; fileEncoding = 4; lastKnownFileType = sourcecode.c.h; path = "UIProgressView+AFNetworking.h"; sourceTree = "<group>"; };
		886717A7182D29C700E863CB /* UIProgressView+AFNetworking.m */ = {isa = PBXFileReference; fileEncoding = 4; lastKnownFileType = sourcecode.c.objc; path = "UIProgressView+AFNetworking.m"; sourceTree = "<group>"; };
		886717A8182D29C700E863CB /* UIWebView+AFNetworking.h */ = {isa = PBXFileReference; fileEncoding = 4; lastKnownFileType = sourcecode.c.h; path = "UIWebView+AFNetworking.h"; sourceTree = "<group>"; };
		886717A9182D29C700E863CB /* UIWebView+AFNetworking.m */ = {isa = PBXFileReference; fileEncoding = 4; lastKnownFileType = sourcecode.c.objc; path = "UIWebView+AFNetworking.m"; sourceTree = "<group>"; };
		886717FF182D2A6300E863CB /* QDAPIClient.h */ = {isa = PBXFileReference; fileEncoding = 4; lastKnownFileType = sourcecode.c.h; path = QDAPIClient.h; sourceTree = "<group>"; };
		88671800182D2A6300E863CB /* QDAPIClient.m */ = {isa = PBXFileReference; fileEncoding = 4; lastKnownFileType = sourcecode.c.objc; path = QDAPIClient.m; sourceTree = "<group>"; };
		88671802182D2CD800E863CB /* SystemConfiguration.framework */ = {isa = PBXFileReference; lastKnownFileType = wrapper.framework; name = SystemConfiguration.framework; path = System/Library/Frameworks/SystemConfiguration.framework; sourceTree = SDKROOT; };
		88671804182D2CE300E863CB /* Security.framework */ = {isa = PBXFileReference; lastKnownFileType = wrapper.framework; name = Security.framework; path = System/Library/Frameworks/Security.framework; sourceTree = SDKROOT; };
		88671806182D2CEB00E863CB /* MobileCoreServices.framework */ = {isa = PBXFileReference; lastKnownFileType = wrapper.framework; name = MobileCoreServices.framework; path = System/Library/Frameworks/MobileCoreServices.framework; sourceTree = SDKROOT; };
		88671808182D2E6A00E863CB /* QDCollectionOpinionCell.h */ = {isa = PBXFileReference; fileEncoding = 4; lastKnownFileType = sourcecode.c.h; path = QDCollectionOpinionCell.h; sourceTree = "<group>"; };
		88671809182D2E6A00E863CB /* QDCollectionOpinionCell.m */ = {isa = PBXFileReference; fileEncoding = 4; lastKnownFileType = sourcecode.c.objc; path = QDCollectionOpinionCell.m; sourceTree = "<group>"; };
		88957A2519020B5D0065D35E /* QDCollectionOpinionLiteCell.h */ = {isa = PBXFileReference; fileEncoding = 4; lastKnownFileType = sourcecode.c.h; path = QDCollectionOpinionLiteCell.h; sourceTree = "<group>"; };
		88957A2619020B5D0065D35E /* QDCollectionOpinionLiteCell.m */ = {isa = PBXFileReference; fileEncoding = 4; lastKnownFileType = sourcecode.c.objc; path = QDCollectionOpinionLiteCell.m; sourceTree = "<group>"; };
		88957A2A1902108D0065D35E /* QDProfileViewController.h */ = {isa = PBXFileReference; fileEncoding = 4; lastKnownFileType = sourcecode.c.h; path = QDProfileViewController.h; sourceTree = "<group>"; };
		88957A2B1902108D0065D35E /* QDProfileViewController.m */ = {isa = PBXFileReference; fileEncoding = 4; lastKnownFileType = sourcecode.c.objc; path = QDProfileViewController.m; sourceTree = "<group>"; };
		88957A3B1902259C0065D35E /* Base */ = {isa = PBXFileReference; lastKnownFileType = text.plist.strings; name = Base; path = Base.lproj/Localizable.strings; sourceTree = "<group>"; };
		88957A3F19023E6D0065D35E /* vi */ = {isa = PBXFileReference; lastKnownFileType = text.plist.strings; name = vi; path = vi.lproj/Localizable.strings; sourceTree = "<group>"; };
		88957A4019023E6F0065D35E /* ja */ = {isa = PBXFileReference; lastKnownFileType = text.plist.strings; name = ja; path = ja.lproj/Localizable.strings; sourceTree = "<group>"; };
		88957A41190252480065D35E /* QDNotificationViewController.h */ = {isa = PBXFileReference; fileEncoding = 4; lastKnownFileType = sourcecode.c.h; path = QDNotificationViewController.h; sourceTree = "<group>"; };
		88957A42190252480065D35E /* QDNotificationViewController.m */ = {isa = PBXFileReference; fileEncoding = 4; lastKnownFileType = sourcecode.c.objc; path = QDNotificationViewController.m; sourceTree = "<group>"; };
		88957A441903ECFD0065D35E /* MBProgressHUD.xcodeproj */ = {isa = PBXFileReference; lastKnownFileType = "wrapper.pb-project"; name = MBProgressHUD.xcodeproj; path = Vendors/MBProgressHUD/MBProgressHUD.xcodeproj; sourceTree = "<group>"; };
		88957A4B1903ED5F0065D35E /* QDVoteButton.h */ = {isa = PBXFileReference; fileEncoding = 4; lastKnownFileType = sourcecode.c.h; path = QDVoteButton.h; sourceTree = "<group>"; };
		88957A4C1903ED5F0065D35E /* QDVoteButton.m */ = {isa = PBXFileReference; fileEncoding = 4; lastKnownFileType = sourcecode.c.objc; path = QDVoteButton.m; sourceTree = "<group>"; };
		88957A60190580960065D35E /* CFNetwork.framework */ = {isa = PBXFileReference; lastKnownFileType = wrapper.framework; name = CFNetwork.framework; path = System/Library/Frameworks/CFNetwork.framework; sourceTree = SDKROOT; };
		88957A62190580A60065D35E /* libicucore.dylib */ = {isa = PBXFileReference; lastKnownFileType = "compiled.mach-o.dylib"; name = libicucore.dylib; path = usr/lib/libicucore.dylib; sourceTree = SDKROOT; };
		88957A6C1905859A0065D35E /* SocketIO.h */ = {isa = PBXFileReference; fileEncoding = 4; lastKnownFileType = sourcecode.c.h; path = SocketIO.h; sourceTree = "<group>"; };
		88957A6D1905859A0065D35E /* SocketIO.m */ = {isa = PBXFileReference; fileEncoding = 4; lastKnownFileType = sourcecode.c.objc; path = SocketIO.m; sourceTree = "<group>"; };
		88957A6E1905859A0065D35E /* SocketIOJSONSerialization.h */ = {isa = PBXFileReference; fileEncoding = 4; lastKnownFileType = sourcecode.c.h; path = SocketIOJSONSerialization.h; sourceTree = "<group>"; };
		88957A6F1905859A0065D35E /* SocketIOJSONSerialization.m */ = {isa = PBXFileReference; fileEncoding = 4; lastKnownFileType = sourcecode.c.objc; path = SocketIOJSONSerialization.m; sourceTree = "<group>"; };
		88957A701905859A0065D35E /* SocketIOPacket.h */ = {isa = PBXFileReference; fileEncoding = 4; lastKnownFileType = sourcecode.c.h; path = SocketIOPacket.h; sourceTree = "<group>"; };
		88957A711905859A0065D35E /* SocketIOPacket.m */ = {isa = PBXFileReference; fileEncoding = 4; lastKnownFileType = sourcecode.c.objc; path = SocketIOPacket.m; sourceTree = "<group>"; };
		88957A721905859A0065D35E /* SocketIOTransport.h */ = {isa = PBXFileReference; fileEncoding = 4; lastKnownFileType = sourcecode.c.h; path = SocketIOTransport.h; sourceTree = "<group>"; };
		88957A731905859A0065D35E /* SocketIOTransportWebsocket.h */ = {isa = PBXFileReference; fileEncoding = 4; lastKnownFileType = sourcecode.c.h; path = SocketIOTransportWebsocket.h; sourceTree = "<group>"; };
		88957A741905859A0065D35E /* SocketIOTransportWebsocket.m */ = {isa = PBXFileReference; fileEncoding = 4; lastKnownFileType = sourcecode.c.objc; path = SocketIOTransportWebsocket.m; sourceTree = "<group>"; };
		88957A751905859A0065D35E /* SocketIOTransportXHR.h */ = {isa = PBXFileReference; fileEncoding = 4; lastKnownFileType = sourcecode.c.h; path = SocketIOTransportXHR.h; sourceTree = "<group>"; };
		88957A761905859A0065D35E /* SocketIOTransportXHR.m */ = {isa = PBXFileReference; fileEncoding = 4; lastKnownFileType = sourcecode.c.objc; path = SocketIOTransportXHR.m; sourceTree = "<group>"; };
		88957D67190585D70065D35E /* SocketRocket.xcodeproj */ = {isa = PBXFileReference; lastKnownFileType = "wrapper.pb-project"; name = SocketRocket.xcodeproj; path = "Vendors/socket.IO-objc/submodules/socket-rocket/SocketRocket.xcodeproj"; sourceTree = "<group>"; };
		88B3A3551908076800A8A544 /* QDSocketIO.h */ = {isa = PBXFileReference; fileEncoding = 4; lastKnownFileType = sourcecode.c.h; path = QDSocketIO.h; sourceTree = "<group>"; };
		88B3A3561908076800A8A544 /* QDSocketIO.m */ = {isa = PBXFileReference; fileEncoding = 4; lastKnownFileType = sourcecode.c.objc; path = QDSocketIO.m; sourceTree = "<group>"; };
		88B3A3661909347A00A8A544 /* QDNavigationBar.h */ = {isa = PBXFileReference; fileEncoding = 4; lastKnownFileType = sourcecode.c.h; path = QDNavigationBar.h; sourceTree = "<group>"; };
		88B3A3671909347A00A8A544 /* QDNavigationBar.m */ = {isa = PBXFileReference; fileEncoding = 4; lastKnownFileType = sourcecode.c.objc; path = QDNavigationBar.m; sourceTree = "<group>"; };
		88CE5003182FA8BC00E12C93 /* QDTabBarController.h */ = {isa = PBXFileReference; fileEncoding = 4; lastKnownFileType = sourcecode.c.h; path = QDTabBarController.h; sourceTree = "<group>"; };
		88CE5004182FA8BC00E12C93 /* QDTabBarController.m */ = {isa = PBXFileReference; fileEncoding = 4; lastKnownFileType = sourcecode.c.objc; path = QDTabBarController.m; sourceTree = "<group>"; };
		88CE5006182FAAD300E12C93 /* FacebookSDK.framework */ = {isa = PBXFileReference; lastKnownFileType = wrapper.framework; name = FacebookSDK.framework; path = ../../../Documents/FacebookSDK/FacebookSDK.framework; sourceTree = "<group>"; };
		88D0886618F582E900F1D72B /* QDLoginViewController.h */ = {isa = PBXFileReference; fileEncoding = 4; lastKnownFileType = sourcecode.c.h; path = QDLoginViewController.h; sourceTree = "<group>"; };
		88D0886718F582E900F1D72B /* QDLoginViewController.m */ = {isa = PBXFileReference; fileEncoding = 4; lastKnownFileType = sourcecode.c.objc; path = QDLoginViewController.m; sourceTree = "<group>"; };
		88D0889D18F5877E00F1D72B /* RECommonFunctions.h */ = {isa = PBXFileReference; fileEncoding = 4; lastKnownFileType = sourcecode.c.h; path = RECommonFunctions.h; sourceTree = "<group>"; };
		88D0889E18F5877E00F1D72B /* RECommonFunctions.m */ = {isa = PBXFileReference; fileEncoding = 4; lastKnownFileType = sourcecode.c.objc; path = RECommonFunctions.m; sourceTree = "<group>"; };
		88D0889F18F5877E00F1D72B /* RESideMenu.h */ = {isa = PBXFileReference; fileEncoding = 4; lastKnownFileType = sourcecode.c.h; path = RESideMenu.h; sourceTree = "<group>"; };
		88D088A018F5877E00F1D72B /* RESideMenu.m */ = {isa = PBXFileReference; fileEncoding = 4; lastKnownFileType = sourcecode.c.objc; path = RESideMenu.m; sourceTree = "<group>"; };
		88D088A118F5877E00F1D72B /* UIViewController+RESideMenu.h */ = {isa = PBXFileReference; fileEncoding = 4; lastKnownFileType = sourcecode.c.h; path = "UIViewController+RESideMenu.h"; sourceTree = "<group>"; };
		88D088A218F5877E00F1D72B /* UIViewController+RESideMenu.m */ = {isa = PBXFileReference; fileEncoding = 4; lastKnownFileType = sourcecode.c.objc; path = "UIViewController+RESideMenu.m"; sourceTree = "<group>"; };
		88D088CD18F5A86F00F1D72B /* QDSettingViewController.h */ = {isa = PBXFileReference; fileEncoding = 4; lastKnownFileType = sourcecode.c.h; path = QDSettingViewController.h; sourceTree = "<group>"; };
		88D088CE18F5A86F00F1D72B /* QDSettingViewController.m */ = {isa = PBXFileReference; fileEncoding = 4; lastKnownFileType = sourcecode.c.objc; path = QDSettingViewController.m; sourceTree = "<group>"; };
		88DA7C861831264F00C83F70 /* Underscore+Functional.h */ = {isa = PBXFileReference; fileEncoding = 4; lastKnownFileType = sourcecode.c.h; path = "Underscore+Functional.h"; sourceTree = "<group>"; };
		88DA7C871831264F00C83F70 /* Underscore+Functional.m */ = {isa = PBXFileReference; fileEncoding = 4; lastKnownFileType = sourcecode.c.objc; path = "Underscore+Functional.m"; sourceTree = "<group>"; };
		88DA7C881831264F00C83F70 /* Underscore-Prefix.pch */ = {isa = PBXFileReference; fileEncoding = 4; lastKnownFileType = sourcecode.c.h; path = "Underscore-Prefix.pch"; sourceTree = "<group>"; };
		88DA7C891831264F00C83F70 /* Underscore.h */ = {isa = PBXFileReference; fileEncoding = 4; lastKnownFileType = sourcecode.c.h; path = Underscore.h; sourceTree = "<group>"; };
		88DA7C8A1831264F00C83F70 /* Underscore.m */ = {isa = PBXFileReference; fileEncoding = 4; lastKnownFileType = sourcecode.c.objc; path = Underscore.m; sourceTree = "<group>"; };
		88DA7C8B1831264F00C83F70 /* USArrayWrapper.h */ = {isa = PBXFileReference; fileEncoding = 4; lastKnownFileType = sourcecode.c.h; path = USArrayWrapper.h; sourceTree = "<group>"; };
		88DA7C8C1831264F00C83F70 /* USArrayWrapper.m */ = {isa = PBXFileReference; fileEncoding = 4; lastKnownFileType = sourcecode.c.objc; path = USArrayWrapper.m; sourceTree = "<group>"; };
		88DA7C8D1831264F00C83F70 /* USConstants.h */ = {isa = PBXFileReference; fileEncoding = 4; lastKnownFileType = sourcecode.c.h; path = USConstants.h; sourceTree = "<group>"; };
		88DA7C8E1831264F00C83F70 /* USDictionaryWrapper.h */ = {isa = PBXFileReference; fileEncoding = 4; lastKnownFileType = sourcecode.c.h; path = USDictionaryWrapper.h; sourceTree = "<group>"; };
		88DA7C8F1831264F00C83F70 /* USDictionaryWrapper.m */ = {isa = PBXFileReference; fileEncoding = 4; lastKnownFileType = sourcecode.c.objc; path = USDictionaryWrapper.m; sourceTree = "<group>"; };
		88F7311618FEEA300038F132 /* QDOpinionViewController.h */ = {isa = PBXFileReference; fileEncoding = 4; lastKnownFileType = sourcecode.c.h; path = QDOpinionViewController.h; sourceTree = "<group>"; };
		88F7311718FEEA300038F132 /* QDOpinionViewController.m */ = {isa = PBXFileReference; fileEncoding = 4; lastKnownFileType = sourcecode.c.objc; path = QDOpinionViewController.m; sourceTree = "<group>"; };
		88F7311A18FEF5FE0038F132 /* QDTableCommentCell.h */ = {isa = PBXFileReference; fileEncoding = 4; lastKnownFileType = sourcecode.c.h; path = QDTableCommentCell.h; sourceTree = "<group>"; };
		88F7311B18FEF5FE0038F132 /* QDTableCommentCell.m */ = {isa = PBXFileReference; fileEncoding = 4; lastKnownFileType = sourcecode.c.objc; path = QDTableCommentCell.m; sourceTree = "<group>"; };
		88F7311D190006AA0038F132 /* QDUtils.h */ = {isa = PBXFileReference; fileEncoding = 4; lastKnownFileType = sourcecode.c.h; path = QDUtils.h; sourceTree = "<group>"; };
		88F7311E190006AA0038F132 /* QDUtils.m */ = {isa = PBXFileReference; fileEncoding = 4; lastKnownFileType = sourcecode.c.objc; path = QDUtils.m; sourceTree = "<group>"; };
		88F731201900222F0038F132 /* DTCoreText.xcodeproj */ = {isa = PBXFileReference; lastKnownFileType = "wrapper.pb-project"; name = DTCoreText.xcodeproj; path = Vendors/DTCoreText/DTCoreText.xcodeproj; sourceTree = "<group>"; };
		88F7313E190022780038F132 /* libxml2.dylib */ = {isa = PBXFileReference; lastKnownFileType = "compiled.mach-o.dylib"; name = libxml2.dylib; path = usr/lib/libxml2.dylib; sourceTree = SDKROOT; };
		88F731401900228B0038F132 /* ImageIO.framework */ = {isa = PBXFileReference; lastKnownFileType = wrapper.framework; name = ImageIO.framework; path = System/Library/Frameworks/ImageIO.framework; sourceTree = SDKROOT; };
		88F73142190022930038F132 /* QuartzCore.framework */ = {isa = PBXFileReference; lastKnownFileType = wrapper.framework; name = QuartzCore.framework; path = System/Library/Frameworks/QuartzCore.framework; sourceTree = SDKROOT; };
		88F731441900229B0038F132 /* CoreText.framework */ = {isa = PBXFileReference; lastKnownFileType = wrapper.framework; name = CoreText.framework; path = System/Library/Frameworks/CoreText.framework; sourceTree = SDKROOT; };
		88F7316919002FE20038F132 /* comment.css */ = {isa = PBXFileReference; fileEncoding = 4; lastKnownFileType = text.css; path = comment.css; sourceTree = "<group>"; };
		88F73196190046870038F132 /* QDPostOpinionViewController.h */ = {isa = PBXFileReference; fileEncoding = 4; lastKnownFileType = sourcecode.c.h; path = QDPostOpinionViewController.h; sourceTree = "<group>"; };
		88F73197190046870038F132 /* QDPostOpinionViewController.m */ = {isa = PBXFileReference; fileEncoding = 4; lastKnownFileType = sourcecode.c.objc; path = QDPostOpinionViewController.m; sourceTree = "<group>"; };
/* End PBXFileReference section */

/* Begin PBXFrameworksBuildPhase section */
		886716DC182D1C1400E863CB /* Frameworks */ = {
			isa = PBXFrameworksBuildPhase;
			buildActionMask = 2147483647;
			files = (
				88957D76190585E20065D35E /* libSocketRocket.a in Frameworks */,
				88957A63190580A60065D35E /* libicucore.dylib in Frameworks */,
				88957A61190580960065D35E /* CFNetwork.framework in Frameworks */,
				88957A4A1903ED160065D35E /* libMBProgressHUD.a in Frameworks */,
				88F73168190028A50038F132 /* libDTCoreText.a in Frameworks */,
				88F731451900229B0038F132 /* CoreText.framework in Frameworks */,
				88F73143190022930038F132 /* QuartzCore.framework in Frameworks */,
				88F731411900228B0038F132 /* ImageIO.framework in Frameworks */,
				88F7313F190022780038F132 /* libxml2.dylib in Frameworks */,
				88671807182D2CEB00E863CB /* MobileCoreServices.framework in Frameworks */,
				88671805182D2CE300E863CB /* Security.framework in Frameworks */,
				88671803182D2CD800E863CB /* SystemConfiguration.framework in Frameworks */,
				886716E5182D1C1400E863CB /* CoreGraphics.framework in Frameworks */,
				886716E7182D1C1400E863CB /* UIKit.framework in Frameworks */,
				886716E3182D1C1400E863CB /* Foundation.framework in Frameworks */,
				88CE5007182FAAD300E12C93 /* FacebookSDK.framework in Frameworks */,
			);
			runOnlyForDeploymentPostprocessing = 0;
		};
		88671703182D1C1500E863CB /* Frameworks */ = {
			isa = PBXFrameworksBuildPhase;
			buildActionMask = 2147483647;
			files = (
				88671708182D1C1500E863CB /* XCTest.framework in Frameworks */,
				8867170A182D1C1500E863CB /* UIKit.framework in Frameworks */,
				88671709182D1C1500E863CB /* Foundation.framework in Frameworks */,
			);
			runOnlyForDeploymentPostprocessing = 0;
		};
/* End PBXFrameworksBuildPhase section */

/* Begin PBXGroup section */
		886716D6182D1C1400E863CB = {
			isa = PBXGroup;
			children = (
				886716E1182D1C1400E863CB /* Frameworks */,
				886716E0182D1C1400E863CB /* Products */,
				886716E8182D1C1400E863CB /* SpeakUpp */,
				8867170D182D1C1500E863CB /* SpeakUppTests */,
				88671721182D29C500E863CB /* Vendors */,
			);
			sourceTree = "<group>";
		};
		886716E0182D1C1400E863CB /* Products */ = {
			isa = PBXGroup;
			children = (
				886716DF182D1C1400E863CB /* SpeakUpp.app */,
				88671706182D1C1500E863CB /* SpeakUppTests.xctest */,
			);
			name = Products;
			sourceTree = "<group>";
		};
		886716E1182D1C1400E863CB /* Frameworks */ = {
			isa = PBXGroup;
			children = (
				88957D67190585D70065D35E /* SocketRocket.xcodeproj */,
				88957A62190580A60065D35E /* libicucore.dylib */,
				88957A60190580960065D35E /* CFNetwork.framework */,
				88957A441903ECFD0065D35E /* MBProgressHUD.xcodeproj */,
				88F731201900222F0038F132 /* DTCoreText.xcodeproj */,
				88F731441900229B0038F132 /* CoreText.framework */,
				88F73142190022930038F132 /* QuartzCore.framework */,
				88F731401900228B0038F132 /* ImageIO.framework */,
				88F7313E190022780038F132 /* libxml2.dylib */,
				88CE5006182FAAD300E12C93 /* FacebookSDK.framework */,
				88671806182D2CEB00E863CB /* MobileCoreServices.framework */,
				88671804182D2CE300E863CB /* Security.framework */,
				88671802182D2CD800E863CB /* SystemConfiguration.framework */,
				886716E2182D1C1400E863CB /* Foundation.framework */,
				886716E4182D1C1400E863CB /* CoreGraphics.framework */,
				886716E6182D1C1400E863CB /* UIKit.framework */,
				88671707182D1C1500E863CB /* XCTest.framework */,
			);
			name = Frameworks;
			sourceTree = "<group>";
		};
		886716E8182D1C1400E863CB /* SpeakUpp */ = {
			isa = PBXGroup;
			children = (
				88D0886518F582A500F1D72B /* Classes */,
				88F7316919002FE20038F132 /* comment.css */,
				88F7311918FEF5970038F132 /* Components */,
				88671700182D1C1400E863CB /* Images.xcassets */,
				88957A3C1902259C0065D35E /* Localizable.strings */,
				886716F4182D1C1400E863CB /* Main.storyboard */,
				886717FF182D2A6300E863CB /* QDAPIClient.h */,
				88671800182D2A6300E863CB /* QDAPIClient.m */,
				886716F1182D1C1400E863CB /* QDAppDelegate.h */,
				886716F2182D1C1400E863CB /* QDAppDelegate.m */,
				88671808182D2E6A00E863CB /* QDCollectionOpinionCell.h */,
				88671809182D2E6A00E863CB /* QDCollectionOpinionCell.m */,
				8867171E182D26B500E863CB /* QDCollectionOpinionController.h */,
				8867171F182D26B500E863CB /* QDCollectionOpinionController.m */,
				886716FA182D1C1400E863CB /* QDFirstViewController.h */,
				886716FB182D1C1400E863CB /* QDFirstViewController.m */,
				886716FD182D1C1400E863CB /* QDSecondViewController.h */,
				886716FE182D1C1400E863CB /* QDSecondViewController.m */,
				88B3A3551908076800A8A544 /* QDSocketIO.h */,
				88B3A3561908076800A8A544 /* QDSocketIO.m */,
				88CE5003182FA8BC00E12C93 /* QDTabBarController.h */,
				88CE5004182FA8BC00E12C93 /* QDTabBarController.m */,
				886716E9182D1C1400E863CB /* Supporting Files */,
				88C43D7B18F845D300C60BFA /* UI */,
			);
			name = SpeakUpp;
			path = QuanDiem;
			sourceTree = "<group>";
		};
		886716E9182D1C1400E863CB /* Supporting Files */ = {
			isa = PBXGroup;
			children = (
				886716EA182D1C1400E863CB /* QuanDiem-Info.plist */,
				886716EE182D1C1400E863CB /* main.m */,
				886716F0182D1C1400E863CB /* QuanDiem-Prefix.pch */,
			);
			name = "Supporting Files";
			sourceTree = "<group>";
		};
		8867170D182D1C1500E863CB /* SpeakUppTests */ = {
			isa = PBXGroup;
			children = (
				88671713182D1C1500E863CB /* QuanDiemTests.m */,
				8867170E182D1C1500E863CB /* Supporting Files */,
			);
			name = SpeakUppTests;
			path = QuanDiemTests;
			sourceTree = "<group>";
		};
		8867170E182D1C1500E863CB /* Supporting Files */ = {
			isa = PBXGroup;
			children = (
				8867170F182D1C1500E863CB /* QuanDiemTests-Info.plist */,
			);
			name = "Supporting Files";
			sourceTree = "<group>";
		};
		88671721182D29C500E863CB /* Vendors */ = {
			isa = PBXGroup;
			children = (
				88957A651905859A0065D35E /* socket.IO-objc */,
				88D0886918F5877D00F1D72B /* RESideMenu */,
				88DA7C811831264F00C83F70 /* Underscore.m */,
				88671724182D29C500E863CB /* AFNetworking */,
			);
			path = Vendors;
			sourceTree = "<group>";
		};
		88671724182D29C500E863CB /* AFNetworking */ = {
			isa = PBXGroup;
			children = (
				88671727182D29C500E863CB /* AFNetworking */,
				8867179A182D29C600E863CB /* UIKit+AFNetworking */,
			);
			path = AFNetworking;
			sourceTree = "<group>";
		};
		88671727182D29C500E863CB /* AFNetworking */ = {
			isa = PBXGroup;
			children = (
				88671728182D29C500E863CB /* AFHTTPRequestOperation.h */,
				88671729182D29C500E863CB /* AFHTTPRequestOperation.m */,
				8867172A182D29C500E863CB /* AFHTTPRequestOperationManager.h */,
				8867172B182D29C500E863CB /* AFHTTPRequestOperationManager.m */,
				8867172C182D29C500E863CB /* AFHTTPSessionManager.h */,
				8867172D182D29C500E863CB /* AFHTTPSessionManager.m */,
				8867172E182D29C500E863CB /* AFNetworking.h */,
				8867172F182D29C500E863CB /* AFNetworkReachabilityManager.h */,
				88671730182D29C500E863CB /* AFNetworkReachabilityManager.m */,
				88671731182D29C500E863CB /* AFSecurityPolicy.h */,
				88671732182D29C500E863CB /* AFSecurityPolicy.m */,
				88671733182D29C500E863CB /* AFURLConnectionOperation.h */,
				88671734182D29C500E863CB /* AFURLConnectionOperation.m */,
				88671735182D29C500E863CB /* AFURLRequestSerialization.h */,
				88671736182D29C500E863CB /* AFURLRequestSerialization.m */,
				88671737182D29C500E863CB /* AFURLResponseSerialization.h */,
				88671738182D29C500E863CB /* AFURLResponseSerialization.m */,
				88671739182D29C500E863CB /* AFURLSessionManager.h */,
				8867173A182D29C500E863CB /* AFURLSessionManager.m */,
			);
			path = AFNetworking;
			sourceTree = "<group>";
		};
		8867179A182D29C600E863CB /* UIKit+AFNetworking */ = {
			isa = PBXGroup;
			children = (
				8867179B182D29C600E863CB /* AFNetworkActivityIndicatorManager.h */,
				8867179C182D29C600E863CB /* AFNetworkActivityIndicatorManager.m */,
				8867179D182D29C600E863CB /* UIActivityIndicatorView+AFNetworking.h */,
				8867179E182D29C600E863CB /* UIActivityIndicatorView+AFNetworking.m */,
				8867179F182D29C600E863CB /* UIAlertView+AFNetworking.h */,
				886717A0182D29C600E863CB /* UIAlertView+AFNetworking.m */,
				886717A1182D29C600E863CB /* UIButton+AFNetworking.h */,
				886717A2182D29C600E863CB /* UIButton+AFNetworking.m */,
				886717A3182D29C600E863CB /* UIImageView+AFNetworking.h */,
				886717A4182D29C600E863CB /* UIImageView+AFNetworking.m */,
				886717A5182D29C600E863CB /* UIKit+AFNetworking.h */,
				886717A6182D29C600E863CB /* UIProgressView+AFNetworking.h */,
				886717A7182D29C700E863CB /* UIProgressView+AFNetworking.m */,
				886717A8182D29C700E863CB /* UIWebView+AFNetworking.h */,
				886717A9182D29C700E863CB /* UIWebView+AFNetworking.m */,
			);
			path = "UIKit+AFNetworking";
			sourceTree = "<group>";
		};
		88957A451903ECFD0065D35E /* Products */ = {
			isa = PBXGroup;
			children = (
				88957A491903ECFD0065D35E /* libMBProgressHUD.a */,
			);
			name = Products;
			sourceTree = "<group>";
		};
		88957A651905859A0065D35E /* socket.IO-objc */ = {
			isa = PBXGroup;
			children = (
				88957A6C1905859A0065D35E /* SocketIO.h */,
				88957A6D1905859A0065D35E /* SocketIO.m */,
				88957A6E1905859A0065D35E /* SocketIOJSONSerialization.h */,
				88957A6F1905859A0065D35E /* SocketIOJSONSerialization.m */,
				88957A701905859A0065D35E /* SocketIOPacket.h */,
				88957A711905859A0065D35E /* SocketIOPacket.m */,
				88957A721905859A0065D35E /* SocketIOTransport.h */,
				88957A731905859A0065D35E /* SocketIOTransportWebsocket.h */,
				88957A741905859A0065D35E /* SocketIOTransportWebsocket.m */,
				88957A751905859A0065D35E /* SocketIOTransportXHR.h */,
				88957A761905859A0065D35E /* SocketIOTransportXHR.m */,
			);
			path = "socket.IO-objc";
			sourceTree = "<group>";
		};
		88957D68190585D70065D35E /* Products */ = {
			isa = PBXGroup;
			children = (
				88957D6F190585D80065D35E /* libSocketRocket.a */,
				88957D71190585D80065D35E /* SocketRocket.framework */,
				88957D73190585D80065D35E /* SRWebSocketTests.octest */,
				88957D75190585D80065D35E /* TestChat.app */,
			);
			name = Products;
			sourceTree = "<group>";
		};
		88C43D7B18F845D300C60BFA /* UI */ = {
			isa = PBXGroup;
			children = (
				88957A4B1903ED5F0065D35E /* QDVoteButton.h */,
				88957A4C1903ED5F0065D35E /* QDVoteButton.m */,
				88B3A3661909347A00A8A544 /* QDNavigationBar.h */,
				88B3A3671909347A00A8A544 /* QDNavigationBar.m */,
			);
			path = UI;
			sourceTree = "<group>";
		};
		88D0886518F582A500F1D72B /* Classes */ = {
			isa = PBXGroup;
			children = (
				88D0886618F582E900F1D72B /* QDLoginViewController.h */,
				88D0886718F582E900F1D72B /* QDLoginViewController.m */,
				88D088CD18F5A86F00F1D72B /* QDSettingViewController.h */,
				88D088CE18F5A86F00F1D72B /* QDSettingViewController.m */,
				88F7311618FEEA300038F132 /* QDOpinionViewController.h */,
				88F7311718FEEA300038F132 /* QDOpinionViewController.m */,
				88F7311D190006AA0038F132 /* QDUtils.h */,
				88F7311E190006AA0038F132 /* QDUtils.m */,
				88F73196190046870038F132 /* QDPostOpinionViewController.h */,
				88F73197190046870038F132 /* QDPostOpinionViewController.m */,
				88957A2A1902108D0065D35E /* QDProfileViewController.h */,
				88957A2B1902108D0065D35E /* QDProfileViewController.m */,
				88957A41190252480065D35E /* QDNotificationViewController.h */,
				88957A42190252480065D35E /* QDNotificationViewController.m */,
			);
			path = Classes;
			sourceTree = "<group>";
		};
		88D0886918F5877D00F1D72B /* RESideMenu */ = {
			isa = PBXGroup;
			children = (
				88D0889C18F5877E00F1D72B /* RESideMenu */,
			);
			path = RESideMenu;
			sourceTree = "<group>";
		};
		88D0889C18F5877E00F1D72B /* RESideMenu */ = {
			isa = PBXGroup;
			children = (
				88D0889D18F5877E00F1D72B /* RECommonFunctions.h */,
				88D0889E18F5877E00F1D72B /* RECommonFunctions.m */,
				88D0889F18F5877E00F1D72B /* RESideMenu.h */,
				88D088A018F5877E00F1D72B /* RESideMenu.m */,
				88D088A118F5877E00F1D72B /* UIViewController+RESideMenu.h */,
				88D088A218F5877E00F1D72B /* UIViewController+RESideMenu.m */,
			);
			path = RESideMenu;
			sourceTree = "<group>";
		};
		88DA7C811831264F00C83F70 /* Underscore.m */ = {
			isa = PBXGroup;
			children = (
				88DA7C851831264F00C83F70 /* Underscore */,
			);
			path = Underscore.m;
			sourceTree = "<group>";
		};
		88DA7C851831264F00C83F70 /* Underscore */ = {
			isa = PBXGroup;
			children = (
				88DA7C861831264F00C83F70 /* Underscore+Functional.h */,
				88DA7C871831264F00C83F70 /* Underscore+Functional.m */,
				88DA7C881831264F00C83F70 /* Underscore-Prefix.pch */,
				88DA7C891831264F00C83F70 /* Underscore.h */,
				88DA7C8A1831264F00C83F70 /* Underscore.m */,
				88DA7C8B1831264F00C83F70 /* USArrayWrapper.h */,
				88DA7C8C1831264F00C83F70 /* USArrayWrapper.m */,
				88DA7C8D1831264F00C83F70 /* USConstants.h */,
				88DA7C8E1831264F00C83F70 /* USDictionaryWrapper.h */,
				88DA7C8F1831264F00C83F70 /* USDictionaryWrapper.m */,
			);
			path = Underscore;
			sourceTree = "<group>";
		};
		88F7311918FEF5970038F132 /* Components */ = {
			isa = PBXGroup;
			children = (
				88F7311A18FEF5FE0038F132 /* QDTableCommentCell.h */,
				88F7311B18FEF5FE0038F132 /* QDTableCommentCell.m */,
				88957A2519020B5D0065D35E /* QDCollectionOpinionLiteCell.h */,
				88957A2619020B5D0065D35E /* QDCollectionOpinionLiteCell.m */,
			);
			path = Components;
			sourceTree = "<group>";
		};
		88F7314C190028720038F132 /* Products */ = {
			isa = PBXGroup;
			children = (
				88F73158190028720038F132 /* RTDemoApp.app */,
				88F7315A190028720038F132 /* DTCoreText.framework */,
				88F7315C190028720038F132 /* libDTCoreText.a */,
				88F7315E190028720038F132 /* UnitTest.octest */,
				88F73160190028720038F132 /* MacUnitTest.octest */,
				88F73162190028720038F132 /* libDTCoreText_no_DTFoundation.a */,
				88F73164190028720038F132 /* DTCoreText.framework */,
				88F73166190028720038F132 /* BundleLoaderDummy.app */,
			);
			name = Products;
			sourceTree = "<group>";
		};
/* End PBXGroup section */

/* Begin PBXNativeTarget section */
		886716DE182D1C1400E863CB /* SpeakUpp */ = {
			isa = PBXNativeTarget;
			buildConfigurationList = 88671717182D1C1500E863CB /* Build configuration list for PBXNativeTarget "SpeakUpp" */;
			buildPhases = (
				886716DB182D1C1400E863CB /* Sources */,
				886716DC182D1C1400E863CB /* Frameworks */,
				886716DD182D1C1400E863CB /* Resources */,
			);
			buildRules = (
			);
			dependencies = (
			);
			name = SpeakUpp;
			productName = QuanDiem;
			productReference = 886716DF182D1C1400E863CB /* SpeakUpp.app */;
			productType = "com.apple.product-type.application";
		};
		88671705182D1C1500E863CB /* SpeakUppTests */ = {
			isa = PBXNativeTarget;
			buildConfigurationList = 8867171A182D1C1500E863CB /* Build configuration list for PBXNativeTarget "SpeakUppTests" */;
			buildPhases = (
				88671702182D1C1500E863CB /* Sources */,
				88671703182D1C1500E863CB /* Frameworks */,
				88671704182D1C1500E863CB /* Resources */,
			);
			buildRules = (
			);
			dependencies = (
				8867170C182D1C1500E863CB /* PBXTargetDependency */,
			);
			name = SpeakUppTests;
			productName = QuanDiemTests;
			productReference = 88671706182D1C1500E863CB /* SpeakUppTests.xctest */;
			productType = "com.apple.product-type.bundle.unit-test";
		};
/* End PBXNativeTarget section */

/* Begin PBXProject section */
		886716D7182D1C1400E863CB /* Project object */ = {
			isa = PBXProject;
			attributes = {
				CLASSPREFIX = QD;
				LastUpgradeCheck = 0510;
				ORGANIZATIONNAME = QuanDiem;
				TargetAttributes = {
					886716DE182D1C1400E863CB = {
						DevelopmentTeam = 3RTV98UM8N;
					};
					88671705182D1C1500E863CB = {
						TestTargetID = 886716DE182D1C1400E863CB;
					};
				};
			};
			buildConfigurationList = 886716DA182D1C1400E863CB /* Build configuration list for PBXProject "QuanDiem" */;
			compatibilityVersion = "Xcode 3.2";
			developmentRegion = English;
			hasScannedForEncodings = 0;
			knownRegions = (
				en,
				Base,
				vi,
				ja,
			);
			mainGroup = 886716D6182D1C1400E863CB;
			productRefGroup = 886716E0182D1C1400E863CB /* Products */;
			projectDirPath = "";
			projectReferences = (
				{
					ProductGroup = 88F7314C190028720038F132 /* Products */;
					ProjectRef = 88F731201900222F0038F132 /* DTCoreText.xcodeproj */;
				},
				{
					ProductGroup = 88957A451903ECFD0065D35E /* Products */;
					ProjectRef = 88957A441903ECFD0065D35E /* MBProgressHUD.xcodeproj */;
				},
				{
					ProductGroup = 88957D68190585D70065D35E /* Products */;
					ProjectRef = 88957D67190585D70065D35E /* SocketRocket.xcodeproj */;
				},
			);
			projectRoot = "";
			targets = (
				886716DE182D1C1400E863CB /* SpeakUpp */,
				88671705182D1C1500E863CB /* SpeakUppTests */,
			);
		};
/* End PBXProject section */

/* Begin PBXReferenceProxy section */
		88957A491903ECFD0065D35E /* libMBProgressHUD.a */ = {
			isa = PBXReferenceProxy;
			fileType = archive.ar;
			path = libMBProgressHUD.a;
			remoteRef = 88957A481903ECFD0065D35E /* PBXContainerItemProxy */;
			sourceTree = BUILT_PRODUCTS_DIR;
		};
		88957D6F190585D80065D35E /* libSocketRocket.a */ = {
			isa = PBXReferenceProxy;
			fileType = archive.ar;
			path = libSocketRocket.a;
			remoteRef = 88957D6E190585D80065D35E /* PBXContainerItemProxy */;
			sourceTree = BUILT_PRODUCTS_DIR;
		};
		88957D71190585D80065D35E /* SocketRocket.framework */ = {
			isa = PBXReferenceProxy;
			fileType = wrapper.framework;
			path = SocketRocket.framework;
			remoteRef = 88957D70190585D80065D35E /* PBXContainerItemProxy */;
			sourceTree = BUILT_PRODUCTS_DIR;
		};
		88957D73190585D80065D35E /* SRWebSocketTests.octest */ = {
			isa = PBXReferenceProxy;
			fileType = wrapper.cfbundle;
			path = SRWebSocketTests.octest;
			remoteRef = 88957D72190585D80065D35E /* PBXContainerItemProxy */;
			sourceTree = BUILT_PRODUCTS_DIR;
		};
		88957D75190585D80065D35E /* TestChat.app */ = {
			isa = PBXReferenceProxy;
			fileType = wrapper.application;
			path = TestChat.app;
			remoteRef = 88957D74190585D80065D35E /* PBXContainerItemProxy */;
			sourceTree = BUILT_PRODUCTS_DIR;
		};
		88F73158190028720038F132 /* RTDemoApp.app */ = {
			isa = PBXReferenceProxy;
			fileType = wrapper.application;
			path = RTDemoApp.app;
			remoteRef = 88F73157190028720038F132 /* PBXContainerItemProxy */;
			sourceTree = BUILT_PRODUCTS_DIR;
		};
		88F7315A190028720038F132 /* DTCoreText.framework */ = {
			isa = PBXReferenceProxy;
			fileType = wrapper.cfbundle;
			path = DTCoreText.framework;
			remoteRef = 88F73159190028720038F132 /* PBXContainerItemProxy */;
			sourceTree = BUILT_PRODUCTS_DIR;
		};
		88F7315C190028720038F132 /* libDTCoreText.a */ = {
			isa = PBXReferenceProxy;
			fileType = archive.ar;
			path = libDTCoreText.a;
			remoteRef = 88F7315B190028720038F132 /* PBXContainerItemProxy */;
			sourceTree = BUILT_PRODUCTS_DIR;
		};
		88F7315E190028720038F132 /* UnitTest.octest */ = {
			isa = PBXReferenceProxy;
			fileType = wrapper.cfbundle;
			path = UnitTest.octest;
			remoteRef = 88F7315D190028720038F132 /* PBXContainerItemProxy */;
			sourceTree = BUILT_PRODUCTS_DIR;
		};
		88F73160190028720038F132 /* MacUnitTest.octest */ = {
			isa = PBXReferenceProxy;
			fileType = wrapper.cfbundle;
			path = MacUnitTest.octest;
			remoteRef = 88F7315F190028720038F132 /* PBXContainerItemProxy */;
			sourceTree = BUILT_PRODUCTS_DIR;
		};
		88F73162190028720038F132 /* libDTCoreText_no_DTFoundation.a */ = {
			isa = PBXReferenceProxy;
			fileType = archive.ar;
			path = libDTCoreText_no_DTFoundation.a;
			remoteRef = 88F73161190028720038F132 /* PBXContainerItemProxy */;
			sourceTree = BUILT_PRODUCTS_DIR;
		};
		88F73164190028720038F132 /* DTCoreText.framework */ = {
			isa = PBXReferenceProxy;
			fileType = wrapper.framework;
			path = DTCoreText.framework;
			remoteRef = 88F73163190028720038F132 /* PBXContainerItemProxy */;
			sourceTree = BUILT_PRODUCTS_DIR;
		};
		88F73166190028720038F132 /* BundleLoaderDummy.app */ = {
			isa = PBXReferenceProxy;
			fileType = wrapper.application;
			path = BundleLoaderDummy.app;
			remoteRef = 88F73165190028720038F132 /* PBXContainerItemProxy */;
			sourceTree = BUILT_PRODUCTS_DIR;
		};
/* End PBXReferenceProxy section */

/* Begin PBXResourcesBuildPhase section */
		886716DD182D1C1400E863CB /* Resources */ = {
			isa = PBXResourcesBuildPhase;
			buildActionMask = 2147483647;
			files = (
				88671701182D1C1400E863CB /* Images.xcassets in Resources */,
				88957A3A1902259C0065D35E /* Localizable.strings in Resources */,
				88F7316A19002FE20038F132 /* comment.css in Resources */,
				886716F6182D1C1400E863CB /* Main.storyboard in Resources */,
			);
			runOnlyForDeploymentPostprocessing = 0;
		};
		88671704182D1C1500E863CB /* Resources */ = {
			isa = PBXResourcesBuildPhase;
			buildActionMask = 2147483647;
			files = (
			);
			runOnlyForDeploymentPostprocessing = 0;
		};
/* End PBXResourcesBuildPhase section */

/* Begin PBXSourcesBuildPhase section */
		886716DB182D1C1400E863CB /* Sources */ = {
			isa = PBXSourcesBuildPhase;
			buildActionMask = 2147483647;
			files = (
				886717B3182D29C700E863CB /* AFURLConnectionOperation.m in Sources */,
				886717AE182D29C700E863CB /* AFHTTPRequestOperation.m in Sources */,
				886717B1182D29C700E863CB /* AFNetworkReachabilityManager.m in Sources */,
				88DA7CA11831264F00C83F70 /* Underscore+Functional.m in Sources */,
				88957A43190252480065D35E /* QDNotificationViewController.m in Sources */,
				88F73198190046870038F132 /* QDPostOpinionViewController.m in Sources */,
				886717ED182D29C700E863CB /* UIActivityIndicatorView+AFNetworking.m in Sources */,
				88CE5005182FA8BC00E12C93 /* QDTabBarController.m in Sources */,
				88671801182D2A6300E863CB /* QDAPIClient.m in Sources */,
				8867180A182D2E6A00E863CB /* QDCollectionOpinionCell.m in Sources */,
				886717B6182D29C700E863CB /* AFURLSessionManager.m in Sources */,
				886717B4182D29C700E863CB /* AFURLRequestSerialization.m in Sources */,
				88D0886818F582E900F1D72B /* QDLoginViewController.m in Sources */,
				88D088CF18F5A86F00F1D72B /* QDSettingViewController.m in Sources */,
				88F7311818FEEA300038F132 /* QDOpinionViewController.m in Sources */,
				88D088BC18F5877E00F1D72B /* RECommonFunctions.m in Sources */,
				88957C001905859C0065D35E /* SocketIOPacket.m in Sources */,
				88D088BE18F5877E00F1D72B /* UIViewController+RESideMenu.m in Sources */,
				886717F0182D29C700E863CB /* UIImageView+AFNetworking.m in Sources */,
				88957BFE1905859C0065D35E /* SocketIO.m in Sources */,
				886716EF182D1C1400E863CB /* main.m in Sources */,
				886717B5182D29C700E863CB /* AFURLResponseSerialization.m in Sources */,
				88B3A3681909347A00A8A544 /* QDNavigationBar.m in Sources */,
				88F7311C18FEF5FE0038F132 /* QDTableCommentCell.m in Sources */,
				88957C021905859C0065D35E /* SocketIOTransportXHR.m in Sources */,
				886717F2182D29C700E863CB /* UIWebView+AFNetworking.m in Sources */,
				88957BFF1905859C0065D35E /* SocketIOJSONSerialization.m in Sources */,
				886717EE182D29C700E863CB /* UIAlertView+AFNetworking.m in Sources */,
				886716F3182D1C1400E863CB /* QDAppDelegate.m in Sources */,
				88957A4D1903ED5F0065D35E /* QDVoteButton.m in Sources */,
				88671720182D26B500E863CB /* QDCollectionOpinionController.m in Sources */,
				88957A2C1902108D0065D35E /* QDProfileViewController.m in Sources */,
				88DA7CA21831264F00C83F70 /* Underscore.m in Sources */,
				88DA7CA31831264F00C83F70 /* USArrayWrapper.m in Sources */,
				88957A2719020B5D0065D35E /* QDCollectionOpinionLiteCell.m in Sources */,
				886717AF182D29C700E863CB /* AFHTTPRequestOperationManager.m in Sources */,
				88F7311F190006AA0038F132 /* QDUtils.m in Sources */,
				88B3A3571908076800A8A544 /* QDSocketIO.m in Sources */,
				886717B2182D29C700E863CB /* AFSecurityPolicy.m in Sources */,
				886716FC182D1C1400E863CB /* QDFirstViewController.m in Sources */,
				886717EF182D29C700E863CB /* UIButton+AFNetworking.m in Sources */,
				88DA7CA41831264F00C83F70 /* USDictionaryWrapper.m in Sources */,
				886717F1182D29C700E863CB /* UIProgressView+AFNetworking.m in Sources */,
				88D088BD18F5877E00F1D72B /* RESideMenu.m in Sources */,
				886717EC182D29C700E863CB /* AFNetworkActivityIndicatorManager.m in Sources */,
				886716FF182D1C1400E863CB /* QDSecondViewController.m in Sources */,
				88957C011905859C0065D35E /* SocketIOTransportWebsocket.m in Sources */,
				886717B0182D29C700E863CB /* AFHTTPSessionManager.m in Sources */,
			);
			runOnlyForDeploymentPostprocessing = 0;
		};
		88671702182D1C1500E863CB /* Sources */ = {
			isa = PBXSourcesBuildPhase;
			buildActionMask = 2147483647;
			files = (
				88671714182D1C1500E863CB /* QuanDiemTests.m in Sources */,
			);
			runOnlyForDeploymentPostprocessing = 0;
		};
/* End PBXSourcesBuildPhase section */

/* Begin PBXTargetDependency section */
		8867170C182D1C1500E863CB /* PBXTargetDependency */ = {
			isa = PBXTargetDependency;
			target = 886716DE182D1C1400E863CB /* SpeakUpp */;
			targetProxy = 8867170B182D1C1500E863CB /* PBXContainerItemProxy */;
		};
/* End PBXTargetDependency section */

/* Begin PBXVariantGroup section */
		886716F4182D1C1400E863CB /* Main.storyboard */ = {
			isa = PBXVariantGroup;
			children = (
				886716F5182D1C1400E863CB /* Base */,
			);
			name = Main.storyboard;
			sourceTree = "<group>";
		};
		88957A3C1902259C0065D35E /* Localizable.strings */ = {
			isa = PBXVariantGroup;
			children = (
				88957A3B1902259C0065D35E /* Base */,
				88957A3F19023E6D0065D35E /* vi */,
				88957A4019023E6F0065D35E /* ja */,
			);
			name = Localizable.strings;
			sourceTree = "<group>";
		};
/* End PBXVariantGroup section */

/* Begin XCBuildConfiguration section */
		88671715182D1C1500E863CB /* Debug */ = {
			isa = XCBuildConfiguration;
			buildSettings = {
				ALWAYS_SEARCH_USER_PATHS = NO;
				CLANG_CXX_LANGUAGE_STANDARD = "gnu++0x";
				CLANG_CXX_LIBRARY = "libc++";
				CLANG_ENABLE_MODULES = YES;
				CLANG_ENABLE_OBJC_ARC = YES;
				CLANG_WARN_BOOL_CONVERSION = YES;
				CLANG_WARN_CONSTANT_CONVERSION = YES;
				CLANG_WARN_DIRECT_OBJC_ISA_USAGE = YES_ERROR;
				CLANG_WARN_EMPTY_BODY = YES;
				CLANG_WARN_ENUM_CONVERSION = YES;
				CLANG_WARN_INT_CONVERSION = YES;
				CLANG_WARN_OBJC_ROOT_CLASS = YES_ERROR;
				CLANG_WARN__DUPLICATE_METHOD_MATCH = YES;
				"CODE_SIGN_IDENTITY[sdk=iphoneos*]" = "iPhone Developer";
				COPY_PHASE_STRIP = NO;
				GCC_C_LANGUAGE_STANDARD = gnu99;
				GCC_DYNAMIC_NO_PIC = NO;
				GCC_OPTIMIZATION_LEVEL = 0;
				GCC_PREPROCESSOR_DEFINITIONS = (
					"DEBUG=1",
					"$(inherited)",
				);
				GCC_SYMBOLS_PRIVATE_EXTERN = NO;
				GCC_WARN_64_TO_32_BIT_CONVERSION = YES;
				GCC_WARN_ABOUT_RETURN_TYPE = YES_ERROR;
				GCC_WARN_UNDECLARED_SELECTOR = YES;
				GCC_WARN_UNINITIALIZED_AUTOS = YES;
				GCC_WARN_UNUSED_FUNCTION = YES;
				GCC_WARN_UNUSED_VARIABLE = YES;
				IPHONEOS_DEPLOYMENT_TARGET = 6.0;
				ONLY_ACTIVE_ARCH = YES;
				SDKROOT = iphoneos;
				TARGETED_DEVICE_FAMILY = "1,2";
			};
			name = Debug;
		};
		88671716182D1C1500E863CB /* Release */ = {
			isa = XCBuildConfiguration;
			buildSettings = {
				ALWAYS_SEARCH_USER_PATHS = NO;
				CLANG_CXX_LANGUAGE_STANDARD = "gnu++0x";
				CLANG_CXX_LIBRARY = "libc++";
				CLANG_ENABLE_MODULES = YES;
				CLANG_ENABLE_OBJC_ARC = YES;
				CLANG_WARN_BOOL_CONVERSION = YES;
				CLANG_WARN_CONSTANT_CONVERSION = YES;
				CLANG_WARN_DIRECT_OBJC_ISA_USAGE = YES_ERROR;
				CLANG_WARN_EMPTY_BODY = YES;
				CLANG_WARN_ENUM_CONVERSION = YES;
				CLANG_WARN_INT_CONVERSION = YES;
				CLANG_WARN_OBJC_ROOT_CLASS = YES_ERROR;
				CLANG_WARN__DUPLICATE_METHOD_MATCH = YES;
				"CODE_SIGN_IDENTITY[sdk=iphoneos*]" = "iPhone Developer";
				COPY_PHASE_STRIP = YES;
				ENABLE_NS_ASSERTIONS = NO;
				GCC_C_LANGUAGE_STANDARD = gnu99;
				GCC_WARN_64_TO_32_BIT_CONVERSION = YES;
				GCC_WARN_ABOUT_RETURN_TYPE = YES_ERROR;
				GCC_WARN_UNDECLARED_SELECTOR = YES;
				GCC_WARN_UNINITIALIZED_AUTOS = YES;
				GCC_WARN_UNUSED_FUNCTION = YES;
				GCC_WARN_UNUSED_VARIABLE = YES;
				IPHONEOS_DEPLOYMENT_TARGET = 6.0;
				SDKROOT = iphoneos;
				TARGETED_DEVICE_FAMILY = "1,2";
				VALIDATE_PRODUCT = YES;
			};
			name = Release;
		};
		88671718182D1C1500E863CB /* Debug */ = {
			isa = XCBuildConfiguration;
			buildSettings = {
				ASSETCATALOG_COMPILER_APPICON_NAME = AppIcon;
				ASSETCATALOG_COMPILER_LAUNCHIMAGE_NAME = LaunchImage;
				CODE_SIGN_IDENTITY = "iPhone Developer";
				FRAMEWORK_SEARCH_PATHS = (
					"$(inherited)",
					/Users/dungbx/Documents/FacebookSDK,
				);
				GCC_PRECOMPILE_PREFIX_HEADER = YES;
				GCC_PREFIX_HEADER = "QuanDiem/QuanDiem-Prefix.pch";
				INFOPLIST_FILE = "QuanDiem/QuanDiem-Info.plist";
				OTHER_LDFLAGS = "-ObjC";
				PRODUCT_NAME = "$(TARGET_NAME)";
				USER_HEADER_SEARCH_PATHS = "Vendors/**";
				WRAPPER_EXTENSION = app;
			};
			name = Debug;
		};
		88671719182D1C1500E863CB /* Release */ = {
			isa = XCBuildConfiguration;
			buildSettings = {
				ASSETCATALOG_COMPILER_APPICON_NAME = AppIcon;
				ASSETCATALOG_COMPILER_LAUNCHIMAGE_NAME = LaunchImage;
				CODE_SIGN_IDENTITY = "iPhone Developer";
				FRAMEWORK_SEARCH_PATHS = (
					"$(inherited)",
					/Users/dungbx/Documents/FacebookSDK,
				);
				GCC_PRECOMPILE_PREFIX_HEADER = YES;
				GCC_PREFIX_HEADER = "QuanDiem/QuanDiem-Prefix.pch";
				INFOPLIST_FILE = "QuanDiem/QuanDiem-Info.plist";
				OTHER_LDFLAGS = "-ObjC";
				PRODUCT_NAME = "$(TARGET_NAME)";
				USER_HEADER_SEARCH_PATHS = "Vendors/**";
				WRAPPER_EXTENSION = app;
			};
			name = Release;
		};
		8867171B182D1C1500E863CB /* Debug */ = {
			isa = XCBuildConfiguration;
			buildSettings = {
				BUNDLE_LOADER = "$(BUILT_PRODUCTS_DIR)/QuanDiem.app/QuanDiem";
				FRAMEWORK_SEARCH_PATHS = (
					"$(SDKROOT)/Developer/Library/Frameworks",
					"$(inherited)",
					"$(DEVELOPER_FRAMEWORKS_DIR)",
				);
				GCC_PRECOMPILE_PREFIX_HEADER = YES;
				GCC_PREFIX_HEADER = "QuanDiem/QuanDiem-Prefix.pch";
				GCC_PREPROCESSOR_DEFINITIONS = (
					"DEBUG=1",
					"$(inherited)",
				);
				INFOPLIST_FILE = "QuanDiemTests/QuanDiemTests-Info.plist";
				PRODUCT_NAME = "$(TARGET_NAME)";
				TEST_HOST = "$(BUNDLE_LOADER)";
				WRAPPER_EXTENSION = xctest;
			};
			name = Debug;
		};
		8867171C182D1C1500E863CB /* Release */ = {
			isa = XCBuildConfiguration;
			buildSettings = {
				BUNDLE_LOADER = "$(BUILT_PRODUCTS_DIR)/QuanDiem.app/QuanDiem";
				FRAMEWORK_SEARCH_PATHS = (
					"$(SDKROOT)/Developer/Library/Frameworks",
					"$(inherited)",
					"$(DEVELOPER_FRAMEWORKS_DIR)",
				);
				GCC_PRECOMPILE_PREFIX_HEADER = YES;
				GCC_PREFIX_HEADER = "QuanDiem/QuanDiem-Prefix.pch";
				INFOPLIST_FILE = "QuanDiemTests/QuanDiemTests-Info.plist";
				PRODUCT_NAME = "$(TARGET_NAME)";
				TEST_HOST = "$(BUNDLE_LOADER)";
				WRAPPER_EXTENSION = xctest;
			};
			name = Release;
		};
/* End XCBuildConfiguration section */

/* Begin XCConfigurationList section */
		886716DA182D1C1400E863CB /* Build configuration list for PBXProject "QuanDiem" */ = {
			isa = XCConfigurationList;
			buildConfigurations = (
				88671715182D1C1500E863CB /* Debug */,
				88671716182D1C1500E863CB /* Release */,
			);
			defaultConfigurationIsVisible = 0;
			defaultConfigurationName = Release;
		};
		88671717182D1C1500E863CB /* Build configuration list for PBXNativeTarget "SpeakUpp" */ = {
			isa = XCConfigurationList;
			buildConfigurations = (
				88671718182D1C1500E863CB /* Debug */,
				88671719182D1C1500E863CB /* Release */,
			);
			defaultConfigurationIsVisible = 0;
			defaultConfigurationName = Release;
		};
		8867171A182D1C1500E863CB /* Build configuration list for PBXNativeTarget "SpeakUppTests" */ = {
			isa = XCConfigurationList;
			buildConfigurations = (
				8867171B182D1C1500E863CB /* Debug */,
				8867171C182D1C1500E863CB /* Release */,
			);
			defaultConfigurationIsVisible = 0;
			defaultConfigurationName = Release;
		};
/* End XCConfigurationList section */
	};
	rootObject = 886716D7182D1C1400E863CB /* Project object */;
}
